
Microsoft Visual Studio Solution File, Format Version 12.00
# Visual Studio Version 17
VisualStudioVersion = 17.14.36518.9
MinimumVisualStudioVersion = 10.0.40219.1
Project("{FAE04EC0-301F-11D3-BF4B-00C04F79EFBC}") = "CarryCapacityFromBionics", "CarryCapacityFromBionics.csproj", "{DC1DCB9A-C80B-4AEF-B865-5381983A4301}"
EndProject
Global
	GlobalSection(SolutionConfigurationPlatforms) = preSolution
		Debug|Any CPU = Debug|Any CPU
		Release|Any CPU = Release|Any CPU
	EndGlobalSection
	GlobalSection(ProjectConfigurationPlatforms) = postSolution
		{DC1DCB9A-C80B-4AEF-B865-5381983A4301}.Debug|Any CPU.ActiveCfg = Debug|Any CPU
		{DC1DCB9A-C80B-4AEF-B865-5381983A4301}.Debug|Any CPU.Build.0 = Debug|Any CPU
		{DC1DCB9A-C80B-4AEF-B865-5381983A4301}.Release|Any CPU.ActiveCfg = Release|Any CPU
		{DC1DCB9A-C80B-4AEF-B865-5381983A4301}.Release|Any CPU.Build.0 = Release|Any CPU
	EndGlobalSection
	GlobalSection(SolutionProperties) = preSolution
		HideSolutionNode = FALSE
	EndGlobalSection
	GlobalSection(ExtensibilityGlobals) = postSolution
		SolutionGuid = {6B8998B4-B70B-4751-9C1D-04B56162CB9A}
	EndGlobalSection
EndGlobal
